
Microsoft Visual Studio Solution File, Format Version 12.00
# Visual Studio Version 17
VisualStudioVersion = 17.3.32901.215
MinimumVisualStudioVersion = 10.0.40219.1
Project("{FAE04EC0-301F-11D3-BF4B-00C04F79EFBC}") = "assessmentV2", "assessmentV2.csproj", "{C5D85893-6588-4A32-A0E3-87896604A52E}"
EndProject
Global
	GlobalSection(SolutionConfigurationPlatforms) = preSolution
		Debug|Any CPU = Debug|Any CPU
		Release|Any CPU = Release|Any CPU
	EndGlobalSection
	GlobalSection(ProjectConfigurationPlatforms) = postSolution
		{C5D85893-6588-4A32-A0E3-87896604A52E}.Debug|Any CPU.ActiveCfg = Debug|Any CPU
		{C5D85893-6588-4A32-A0E3-87896604A52E}.Debug|Any CPU.Build.0 = Debug|Any CPU
		{C5D85893-6588-4A32-A0E3-87896604A52E}.Release|Any CPU.ActiveCfg = Release|Any CPU
		{C5D85893-6588-4A32-A0E3-87896604A52E}.Release|Any CPU.Build.0 = Release|Any CPU
	EndGlobalSection
	GlobalSection(SolutionProperties) = preSolution
		HideSolutionNode = FALSE
	EndGlobalSection
	GlobalSection(ExtensibilityGlobals) = postSolution
		SolutionGuid = {0F2079C2-C28E-4D80-BCA1-45065679ADB9}
	EndGlobalSection
EndGlobal
